// !$*UTF8*$!
{
	archiveVersion = 1;
	classes = {
	};
	objectVersion = 56;
	objects = {

/* Begin PBXBuildFile section */
		04DD521E291684F2009716A1 /* catogry.swift in Sources */ = {isa = PBXBuildFile; fileRef = 04DD521D291684F2009716A1 /* catogry.swift */; };
		04DD522029168561009716A1 /* photopicker.swift in Sources */ = {isa = PBXBuildFile; fileRef = 04DD521F29168561009716A1 /* photopicker.swift */; };
		04DD5222291685E1009716A1 /* JoinChallenge.swift in Sources */ = {isa = PBXBuildFile; fileRef = 04DD5221291685E1009716A1 /* JoinChallenge.swift */; };
		04DD522429168638009716A1 /* AddnewChallenge.swift in Sources */ = {isa = PBXBuildFile; fileRef = 04DD522329168638009716A1 /* AddnewChallenge.swift */; };
		04DD522629168755009716A1 /* color.swift in Sources */ = {isa = PBXBuildFile; fileRef = 04DD522529168755009716A1 /* color.swift */; };
		381F37732909201A00EBEBE0 /* starApp.swift in Sources */ = {isa = PBXBuildFile; fileRef = 381F37722909201A00EBEBE0 /* starApp.swift */; };
		381F37772909201B00EBEBE0 /* Assets.xcassets in Resources */ = {isa = PBXBuildFile; fileRef = 381F37762909201B00EBEBE0 /* Assets.xcassets */; };
		381F377A2909201B00EBEBE0 /* Preview Assets.xcassets in Resources */ = {isa = PBXBuildFile; fileRef = 381F37792909201B00EBEBE0 /* Preview Assets.xcassets */; };
		381F37842909201B00EBEBE0 /* starTests.swift in Sources */ = {isa = PBXBuildFile; fileRef = 381F37832909201B00EBEBE0 /* starTests.swift */; };
		381F378E2909201B00EBEBE0 /* starUITests.swift in Sources */ = {isa = PBXBuildFile; fileRef = 381F378D2909201B00EBEBE0 /* starUITests.swift */; };
		381F37902909201B00EBEBE0 /* starUITestsLaunchTests.swift in Sources */ = {isa = PBXBuildFile; fileRef = 381F378F2909201B00EBEBE0 /* starUITestsLaunchTests.swift */; };
		381F379D2909213D00EBEBE0 /* splash.swift in Sources */ = {isa = PBXBuildFile; fileRef = 381F379C2909213D00EBEBE0 /* splash.swift */; };
		388826B7290F9A34004023F9 /* ProfileView.swift in Sources */ = {isa = PBXBuildFile; fileRef = 388826B6290F9A34004023F9 /* ProfileView.swift */; };
		388826B9290F9AAE004023F9 /* likesView.swift in Sources */ = {isa = PBXBuildFile; fileRef = 388826B8290F9AAE004023F9 /* likesView.swift */; };
		388826BB290F9D8E004023F9 /* Tab.swift in Sources */ = {isa = PBXBuildFile; fileRef = 388826BA290F9D8E004023F9 /* Tab.swift */; };
		388826BD290FA127004023F9 /* challenges.swift in Sources */ = {isa = PBXBuildFile; fileRef = 388826BC290FA127004023F9 /* challenges.swift */; };
		388826BF290FA17D004023F9 /* notifications.swift in Sources */ = {isa = PBXBuildFile; fileRef = 388826BE290FA17D004023F9 /* notifications.swift */; };
		38D8B1852910E74F0005EAF5 /* newchallenges.swift in Sources */ = {isa = PBXBuildFile; fileRef = 38D8B1842910E74F0005EAF5 /* newchallenges.swift */; };
		38D8B1892910EC8C0005EAF5 /* Picture.swift in Sources */ = {isa = PBXBuildFile; fileRef = 38D8B1882910EC8C0005EAF5 /* Picture.swift */; };
		67A7EDB12916B081008C6803 /* Login.swift in Sources */ = {isa = PBXBuildFile; fileRef = 67A7EDB02916B081008C6803 /* Login.swift */; };
		67A7EDB32916B1A4008C6803 /* Register.swift in Sources */ = {isa = PBXBuildFile; fileRef = 67A7EDB22916B1A4008C6803 /* Register.swift */; };
		67A7EDB52916B20A008C6803 /* Reset.swift in Sources */ = {isa = PBXBuildFile; fileRef = 67A7EDB42916B20A008C6803 /* Reset.swift */; };
/* End PBXBuildFile section */

/* Begin PBXContainerItemProxy section */
		381F37802909201B00EBEBE0 /* PBXContainerItemProxy */ = {
			isa = PBXContainerItemProxy;
			containerPortal = 381F37672909201A00EBEBE0 /* Project object */;
			proxyType = 1;
			remoteGlobalIDString = 381F376E2909201A00EBEBE0;
			remoteInfo = star;
		};
		381F378A2909201B00EBEBE0 /* PBXContainerItemProxy */ = {
			isa = PBXContainerItemProxy;
			containerPortal = 381F37672909201A00EBEBE0 /* Project object */;
			proxyType = 1;
			remoteGlobalIDString = 381F376E2909201A00EBEBE0;
			remoteInfo = star;
		};
/* End PBXContainerItemProxy section */

/* Begin PBXFileReference section */
		04DD521D291684F2009716A1 /* catogry.swift */ = {isa = PBXFileReference; lastKnownFileType = sourcecode.swift; path = catogry.swift; sourceTree = "<group>"; };
		04DD521F29168561009716A1 /* photopicker.swift */ = {isa = PBXFileReference; lastKnownFileType = sourcecode.swift; path = photopicker.swift; sourceTree = "<group>"; };
		04DD5221291685E1009716A1 /* JoinChallenge.swift */ = {isa = PBXFileReference; lastKnownFileType = sourcecode.swift; path = JoinChallenge.swift; sourceTree = "<group>"; };
		04DD522329168638009716A1 /* AddnewChallenge.swift */ = {isa = PBXFileReference; lastKnownFileType = sourcecode.swift; path = AddnewChallenge.swift; sourceTree = "<group>"; };
		04DD522529168755009716A1 /* color.swift */ = {isa = PBXFileReference; lastKnownFileType = sourcecode.swift; path = color.swift; sourceTree = "<group>"; };
		381F376F2909201A00EBEBE0 /* star.app */ = {isa = PBXFileReference; explicitFileType = wrapper.application; includeInIndex = 0; path = star.app; sourceTree = BUILT_PRODUCTS_DIR; };
		381F37722909201A00EBEBE0 /* starApp.swift */ = {isa = PBXFileReference; lastKnownFileType = sourcecode.swift; path = starApp.swift; sourceTree = "<group>"; };
		381F37762909201B00EBEBE0 /* Assets.xcassets */ = {isa = PBXFileReference; lastKnownFileType = folder.assetcatalog; path = Assets.xcassets; sourceTree = "<group>"; };
		381F37792909201B00EBEBE0 /* Preview Assets.xcassets */ = {isa = PBXFileReference; lastKnownFileType = folder.assetcatalog; path = "Preview Assets.xcassets"; sourceTree = "<group>"; };
		381F377F2909201B00EBEBE0 /* starTests.xctest */ = {isa = PBXFileReference; explicitFileType = wrapper.cfbundle; includeInIndex = 0; path = starTests.xctest; sourceTree = BUILT_PRODUCTS_DIR; };
		381F37832909201B00EBEBE0 /* starTests.swift */ = {isa = PBXFileReference; lastKnownFileType = sourcecode.swift; path = starTests.swift; sourceTree = "<group>"; };
		381F37892909201B00EBEBE0 /* starUITests.xctest */ = {isa = PBXFileReference; explicitFileType = wrapper.cfbundle; includeInIndex = 0; path = starUITests.xctest; sourceTree = BUILT_PRODUCTS_DIR; };
		381F378D2909201B00EBEBE0 /* starUITests.swift */ = {isa = PBXFileReference; lastKnownFileType = sourcecode.swift; path = starUITests.swift; sourceTree = "<group>"; };
		381F378F2909201B00EBEBE0 /* starUITestsLaunchTests.swift */ = {isa = PBXFileReference; lastKnownFileType = sourcecode.swift; path = starUITestsLaunchTests.swift; sourceTree = "<group>"; };
		381F379C2909213D00EBEBE0 /* splash.swift */ = {isa = PBXFileReference; lastKnownFileType = sourcecode.swift; path = splash.swift; sourceTree = "<group>"; };
		388826B6290F9A34004023F9 /* ProfileView.swift */ = {isa = PBXFileReference; lastKnownFileType = sourcecode.swift; path = ProfileView.swift; sourceTree = "<group>"; };
		388826B8290F9AAE004023F9 /* likesView.swift */ = {isa = PBXFileReference; lastKnownFileType = sourcecode.swift; path = likesView.swift; sourceTree = "<group>"; };
		388826BA290F9D8E004023F9 /* Tab.swift */ = {isa = PBXFileReference; lastKnownFileType = sourcecode.swift; path = Tab.swift; sourceTree = "<group>"; };
		388826BC290FA127004023F9 /* challenges.swift */ = {isa = PBXFileReference; lastKnownFileType = sourcecode.swift; path = challenges.swift; sourceTree = "<group>"; };
		388826BE290FA17D004023F9 /* notifications.swift */ = {isa = PBXFileReference; lastKnownFileType = sourcecode.swift; path = notifications.swift; sourceTree = "<group>"; };
		38D8B1842910E74F0005EAF5 /* newchallenges.swift */ = {isa = PBXFileReference; lastKnownFileType = sourcecode.swift; path = newchallenges.swift; sourceTree = "<group>"; };
		38D8B1882910EC8C0005EAF5 /* Picture.swift */ = {isa = PBXFileReference; lastKnownFileType = sourcecode.swift; path = Picture.swift; sourceTree = "<group>"; };
		67A7EDB02916B081008C6803 /* Login.swift */ = {isa = PBXFileReference; lastKnownFileType = sourcecode.swift; path = Login.swift; sourceTree = "<group>"; };
		67A7EDB22916B1A4008C6803 /* Register.swift */ = {isa = PBXFileReference; lastKnownFileType = sourcecode.swift; path = Register.swift; sourceTree = "<group>"; };
		67A7EDB42916B20A008C6803 /* Reset.swift */ = {isa = PBXFileReference; lastKnownFileType = sourcecode.swift; path = Reset.swift; sourceTree = "<group>"; };
/* End PBXFileReference section */

/* Begin PBXFrameworksBuildPhase section */
		381F376C2909201A00EBEBE0 /* Frameworks */ = {
			isa = PBXFrameworksBuildPhase;
			buildActionMask = 2147483647;
			files = (
			);
			runOnlyForDeploymentPostprocessing = 0;
		};
		381F377C2909201B00EBEBE0 /* Frameworks */ = {
			isa = PBXFrameworksBuildPhase;
			buildActionMask = 2147483647;
			files = (
			);
			runOnlyForDeploymentPostprocessing = 0;
		};
		381F37862909201B00EBEBE0 /* Frameworks */ = {
			isa = PBXFrameworksBuildPhase;
			buildActionMask = 2147483647;
			files = (
			);
			runOnlyForDeploymentPostprocessing = 0;
		};
/* End PBXFrameworksBuildPhase section */

/* Begin PBXGroup section */
		381F37662909201A00EBEBE0 = {
			isa = PBXGroup;
			children = (
				38D8B1882910EC8C0005EAF5 /* Picture.swift */,
				381F37712909201A00EBEBE0 /* star */,
				381F37822909201B00EBEBE0 /* starTests */,
				381F378C2909201B00EBEBE0 /* starUITests */,
				381F37702909201A00EBEBE0 /* Products */,
			);
			sourceTree = "<group>";
		};
		381F37702909201A00EBEBE0 /* Products */ = {
			isa = PBXGroup;
			children = (
				381F376F2909201A00EBEBE0 /* star.app */,
				381F377F2909201B00EBEBE0 /* starTests.xctest */,
				381F37892909201B00EBEBE0 /* starUITests.xctest */,
			);
			name = Products;
			sourceTree = "<group>";
		};
		381F37712909201A00EBEBE0 /* star */ = {
			isa = PBXGroup;
			children = (
				381F37722909201A00EBEBE0 /* starApp.swift */,
				388826B8290F9AAE004023F9 /* likesView.swift */,
				388826B6290F9A34004023F9 /* ProfileView.swift */,
				67A7EDB02916B081008C6803 /* Login.swift */,
				67A7EDB22916B1A4008C6803 /* Register.swift */,
				67A7EDB42916B20A008C6803 /* Reset.swift */,
				388826BA290F9D8E004023F9 /* Tab.swift */,
				388826BE290FA17D004023F9 /* notifications.swift */,
				38D8B1842910E74F0005EAF5 /* newchallenges.swift */,
				388826BC290FA127004023F9 /* challenges.swift */,
				04DD521D291684F2009716A1 /* catogry.swift */,
				04DD521F29168561009716A1 /* photopicker.swift */,
				04DD5221291685E1009716A1 /* JoinChallenge.swift */,
				04DD522329168638009716A1 /* AddnewChallenge.swift */,
				381F379C2909213D00EBEBE0 /* splash.swift */,
				381F37762909201B00EBEBE0 /* Assets.xcassets */,
				04DD522529168755009716A1 /* color.swift */,
				381F37782909201B00EBEBE0 /* Preview Content */,
			);
			path = star;
			sourceTree = "<group>";
		};
		381F37782909201B00EBEBE0 /* Preview Content */ = {
			isa = PBXGroup;
			children = (
				381F37792909201B00EBEBE0 /* Preview Assets.xcassets */,
			);
			path = "Preview Content";
			sourceTree = "<group>";
		};
		381F37822909201B00EBEBE0 /* starTests */ = {
			isa = PBXGroup;
			children = (
				381F37832909201B00EBEBE0 /* starTests.swift */,
			);
			path = starTests;
			sourceTree = "<group>";
		};
		381F378C2909201B00EBEBE0 /* starUITests */ = {
			isa = PBXGroup;
			children = (
				381F378D2909201B00EBEBE0 /* starUITests.swift */,
				381F378F2909201B00EBEBE0 /* starUITestsLaunchTests.swift */,
			);
			path = starUITests;
			sourceTree = "<group>";
		};
/* End PBXGroup section */

/* Begin PBXNativeTarget section */
		381F376E2909201A00EBEBE0 /* star */ = {
			isa = PBXNativeTarget;
			buildConfigurationList = 381F37932909201B00EBEBE0 /* Build configuration list for PBXNativeTarget "star" */;
			buildPhases = (
				381F376B2909201A00EBEBE0 /* Sources */,
				381F376C2909201A00EBEBE0 /* Frameworks */,
				381F376D2909201A00EBEBE0 /* Resources */,
			);
			buildRules = (
			);
			dependencies = (
			);
			name = star;
			productName = star;
			productReference = 381F376F2909201A00EBEBE0 /* star.app */;
			productType = "com.apple.product-type.application";
		};
		381F377E2909201B00EBEBE0 /* starTests */ = {
			isa = PBXNativeTarget;
			buildConfigurationList = 381F37962909201B00EBEBE0 /* Build configuration list for PBXNativeTarget "starTests" */;
			buildPhases = (
				381F377B2909201B00EBEBE0 /* Sources */,
				381F377C2909201B00EBEBE0 /* Frameworks */,
				381F377D2909201B00EBEBE0 /* Resources */,
			);
			buildRules = (
			);
			dependencies = (
				381F37812909201B00EBEBE0 /* PBXTargetDependency */,
			);
			name = starTests;
			productName = starTests;
			productReference = 381F377F2909201B00EBEBE0 /* starTests.xctest */;
			productType = "com.apple.product-type.bundle.unit-test";
		};
		381F37882909201B00EBEBE0 /* starUITests */ = {
			isa = PBXNativeTarget;
			buildConfigurationList = 381F37992909201B00EBEBE0 /* Build configuration list for PBXNativeTarget "starUITests" */;
			buildPhases = (
				381F37852909201B00EBEBE0 /* Sources */,
				381F37862909201B00EBEBE0 /* Frameworks */,
				381F37872909201B00EBEBE0 /* Resources */,
			);
			buildRules = (
			);
			dependencies = (
				381F378B2909201B00EBEBE0 /* PBXTargetDependency */,
			);
			name = starUITests;
			productName = starUITests;
			productReference = 381F37892909201B00EBEBE0 /* starUITests.xctest */;
			productType = "com.apple.product-type.bundle.ui-testing";
		};
/* End PBXNativeTarget section */

/* Begin PBXProject section */
		381F37672909201A00EBEBE0 /* Project object */ = {
			isa = PBXProject;
			attributes = {
				BuildIndependentTargetsInParallel = 1;
				LastSwiftUpdateCheck = 1400;
				LastUpgradeCheck = 1400;
				TargetAttributes = {
					381F376E2909201A00EBEBE0 = {
						CreatedOnToolsVersion = 14.0.1;
					};
					381F377E2909201B00EBEBE0 = {
						CreatedOnToolsVersion = 14.0.1;
						TestTargetID = 381F376E2909201A00EBEBE0;
					};
					381F37882909201B00EBEBE0 = {
						CreatedOnToolsVersion = 14.0.1;
						TestTargetID = 381F376E2909201A00EBEBE0;
					};
				};
			};
			buildConfigurationList = 381F376A2909201A00EBEBE0 /* Build configuration list for PBXProject "star" */;
			compatibilityVersion = "Xcode 14.0";
			developmentRegion = en;
			hasScannedForEncodings = 0;
			knownRegions = (
				en,
				Base,
			);
			mainGroup = 381F37662909201A00EBEBE0;
			productRefGroup = 381F37702909201A00EBEBE0 /* Products */;
			projectDirPath = "";
			projectRoot = "";
			targets = (
				381F376E2909201A00EBEBE0 /* star */,
				381F377E2909201B00EBEBE0 /* starTests */,
				381F37882909201B00EBEBE0 /* starUITests */,
			);
		};
/* End PBXProject section */

/* Begin PBXResourcesBuildPhase section */
		381F376D2909201A00EBEBE0 /* Resources */ = {
			isa = PBXResourcesBuildPhase;
			buildActionMask = 2147483647;
			files = (
				381F377A2909201B00EBEBE0 /* Preview Assets.xcassets in Resources */,
				381F37772909201B00EBEBE0 /* Assets.xcassets in Resources */,
			);
			runOnlyForDeploymentPostprocessing = 0;
		};
		381F377D2909201B00EBEBE0 /* Resources */ = {
			isa = PBXResourcesBuildPhase;
			buildActionMask = 2147483647;
			files = (
			);
			runOnlyForDeploymentPostprocessing = 0;
		};
		381F37872909201B00EBEBE0 /* Resources */ = {
			isa = PBXResourcesBuildPhase;
			buildActionMask = 2147483647;
			files = (
			);
			runOnlyForDeploymentPostprocessing = 0;
		};
/* End PBXResourcesBuildPhase section */

/* Begin PBXSourcesBuildPhase section */
		381F376B2909201A00EBEBE0 /* Sources */ = {
			isa = PBXSourcesBuildPhase;
			buildActionMask = 2147483647;
			files = (
				04DD522029168561009716A1 /* photopicker.swift in Sources */,
				388826B7290F9A34004023F9 /* ProfileView.swift in Sources */,
				388826BD290FA127004023F9 /* challenges.swift in Sources */,
				04DD522629168755009716A1 /* color.swift in Sources */,
				388826B9290F9AAE004023F9 /* likesView.swift in Sources */,
				04DD5222291685E1009716A1 /* JoinChallenge.swift in Sources */,
				67A7EDB12916B081008C6803 /* Login.swift in Sources */,
				67A7EDB52916B20A008C6803 /* Reset.swift in Sources */,
				04DD521E291684F2009716A1 /* catogry.swift in Sources */,
				388826BB290F9D8E004023F9 /* Tab.swift in Sources */,
				381F37732909201A00EBEBE0 /* starApp.swift in Sources */,
				67A7EDB32916B1A4008C6803 /* Register.swift in Sources */,
				38D8B1892910EC8C0005EAF5 /* Picture.swift in Sources */,
				381F379D2909213D00EBEBE0 /* splash.swift in Sources */,
				38D8B1852910E74F0005EAF5 /* newchallenges.swift in Sources */,
				04DD522429168638009716A1 /* AddnewChallenge.swift in Sources */,
				388826BF290FA17D004023F9 /* notifications.swift in Sources */,
			);
			runOnlyForDeploymentPostprocessing = 0;
		};
		381F377B2909201B00EBEBE0 /* Sources */ = {
			isa = PBXSourcesBuildPhase;
			buildActionMask = 2147483647;
			files = (
				381F37842909201B00EBEBE0 /* starTests.swift in Sources */,
			);
			runOnlyForDeploymentPostprocessing = 0;
		};
		381F37852909201B00EBEBE0 /* Sources */ = {
			isa = PBXSourcesBuildPhase;
			buildActionMask = 2147483647;
			files = (
				381F37902909201B00EBEBE0 /* starUITestsLaunchTests.swift in Sources */,
				381F378E2909201B00EBEBE0 /* starUITests.swift in Sources */,
			);
			runOnlyForDeploymentPostprocessing = 0;
		};
/* End PBXSourcesBuildPhase section */

/* Begin PBXTargetDependency section */
		381F37812909201B00EBEBE0 /* PBXTargetDependency */ = {
			isa = PBXTargetDependency;
			target = 381F376E2909201A00EBEBE0 /* star */;
			targetProxy = 381F37802909201B00EBEBE0 /* PBXContainerItemProxy */;
		};
		381F378B2909201B00EBEBE0 /* PBXTargetDependency */ = {
			isa = PBXTargetDependency;
			target = 381F376E2909201A00EBEBE0 /* star */;
			targetProxy = 381F378A2909201B00EBEBE0 /* PBXContainerItemProxy */;
		};
/* End PBXTargetDependency section */

/* Begin XCBuildConfiguration section */
		381F37912909201B00EBEBE0 /* Debug */ = {
			isa = XCBuildConfiguration;
			buildSettings = {
				ALWAYS_SEARCH_USER_PATHS = NO;
				CLANG_ANALYZER_NONNULL = YES;
				CLANG_ANALYZER_NUMBER_OBJECT_CONVERSION = YES_AGGRESSIVE;
				CLANG_CXX_LANGUAGE_STANDARD = "gnu++20";
				CLANG_ENABLE_MODULES = YES;
				CLANG_ENABLE_OBJC_ARC = YES;
				CLANG_ENABLE_OBJC_WEAK = YES;
				CLANG_WARN_BLOCK_CAPTURE_AUTORELEASING = YES;
				CLANG_WARN_BOOL_CONVERSION = YES;
				CLANG_WARN_COMMA = YES;
				CLANG_WARN_CONSTANT_CONVERSION = YES;
				CLANG_WARN_DEPRECATED_OBJC_IMPLEMENTATIONS = YES;
				CLANG_WARN_DIRECT_OBJC_ISA_USAGE = YES_ERROR;
				CLANG_WARN_DOCUMENTATION_COMMENTS = YES;
				CLANG_WARN_EMPTY_BODY = YES;
				CLANG_WARN_ENUM_CONVERSION = YES;
				CLANG_WARN_INFINITE_RECURSION = YES;
				CLANG_WARN_INT_CONVERSION = YES;
				CLANG_WARN_NON_LITERAL_NULL_CONVERSION = YES;
				CLANG_WARN_OBJC_IMPLICIT_RETAIN_SELF = YES;
				CLANG_WARN_OBJC_LITERAL_CONVERSION = YES;
				CLANG_WARN_OBJC_ROOT_CLASS = YES_ERROR;
				CLANG_WARN_QUOTED_INCLUDE_IN_FRAMEWORK_HEADER = YES;
				CLANG_WARN_RANGE_LOOP_ANALYSIS = YES;
				CLANG_WARN_STRICT_PROTOTYPES = YES;
				CLANG_WARN_SUSPICIOUS_MOVE = YES;
				CLANG_WARN_UNGUARDED_AVAILABILITY = YES_AGGRESSIVE;
				CLANG_WARN_UNREACHABLE_CODE = YES;
				CLANG_WARN__DUPLICATE_METHOD_MATCH = YES;
				COPY_PHASE_STRIP = NO;
				DEBUG_INFORMATION_FORMAT = dwarf;
				ENABLE_STRICT_OBJC_MSGSEND = YES;
				ENABLE_TESTABILITY = YES;
				GCC_C_LANGUAGE_STANDARD = gnu11;
				GCC_DYNAMIC_NO_PIC = NO;
				GCC_NO_COMMON_BLOCKS = YES;
				GCC_OPTIMIZATION_LEVEL = 0;
				GCC_PREPROCESSOR_DEFINITIONS = (
					"DEBUG=1",
					"$(inherited)",
				);
				GCC_WARN_64_TO_32_BIT_CONVERSION = YES;
				GCC_WARN_ABOUT_RETURN_TYPE = YES_ERROR;
				GCC_WARN_UNDECLARED_SELECTOR = YES;
				GCC_WARN_UNINITIALIZED_AUTOS = YES_AGGRESSIVE;
				GCC_WARN_UNUSED_FUNCTION = YES;
				GCC_WARN_UNUSED_VARIABLE = YES;
				IPHONEOS_DEPLOYMENT_TARGET = 16.0;
				MTL_ENABLE_DEBUG_INFO = INCLUDE_SOURCE;
				MTL_FAST_MATH = YES;
				ONLY_ACTIVE_ARCH = YES;
				SDKROOT = iphoneos;
				SWIFT_ACTIVE_COMPILATION_CONDITIONS = DEBUG;
				SWIFT_OPTIMIZATION_LEVEL = "-Onone";
			};
			name = Debug;
		};
		381F37922909201B00EBEBE0 /* Release */ = {
			isa = XCBuildConfiguration;
			buildSettings = {
				ALWAYS_SEARCH_USER_PATHS = NO;
				CLANG_ANALYZER_NONNULL = YES;
				CLANG_ANALYZER_NUMBER_OBJECT_CONVERSION = YES_AGGRESSIVE;
				CLANG_CXX_LANGUAGE_STANDARD = "gnu++20";
				CLANG_ENABLE_MODULES = YES;
				CLANG_ENABLE_OBJC_ARC = YES;
				CLANG_ENABLE_OBJC_WEAK = YES;
				CLANG_WARN_BLOCK_CAPTURE_AUTORELEASING = YES;
				CLANG_WARN_BOOL_CONVERSION = YES;
				CLANG_WARN_COMMA = YES;
				CLANG_WARN_CONSTANT_CONVERSION = YES;
				CLANG_WARN_DEPRECATED_OBJC_IMPLEMENTATIONS = YES;
				CLANG_WARN_DIRECT_OBJC_ISA_USAGE = YES_ERROR;
				CLANG_WARN_DOCUMENTATION_COMMENTS = YES;
				CLANG_WARN_EMPTY_BODY = YES;
				CLANG_WARN_ENUM_CONVERSION = YES;
				CLANG_WARN_INFINITE_RECURSION = YES;
				CLANG_WARN_INT_CONVERSION = YES;
				CLANG_WARN_NON_LITERAL_NULL_CONVERSION = YES;
				CLANG_WARN_OBJC_IMPLICIT_RETAIN_SELF = YES;
				CLANG_WARN_OBJC_LITERAL_CONVERSION = YES;
				CLANG_WARN_OBJC_ROOT_CLASS = YES_ERROR;
				CLANG_WARN_QUOTED_INCLUDE_IN_FRAMEWORK_HEADER = YES;
				CLANG_WARN_RANGE_LOOP_ANALYSIS = YES;
				CLANG_WARN_STRICT_PROTOTYPES = YES;
				CLANG_WARN_SUSPICIOUS_MOVE = YES;
				CLANG_WARN_UNGUARDED_AVAILABILITY = YES_AGGRESSIVE;
				CLANG_WARN_UNREACHABLE_CODE = YES;
				CLANG_WARN__DUPLICATE_METHOD_MATCH = YES;
				COPY_PHASE_STRIP = NO;
				DEBUG_INFORMATION_FORMAT = "dwarf-with-dsym";
				ENABLE_NS_ASSERTIONS = NO;
				ENABLE_STRICT_OBJC_MSGSEND = YES;
				GCC_C_LANGUAGE_STANDARD = gnu11;
				GCC_NO_COMMON_BLOCKS = YES;
				GCC_WARN_64_TO_32_BIT_CONVERSION = YES;
				GCC_WARN_ABOUT_RETURN_TYPE = YES_ERROR;
				GCC_WARN_UNDECLARED_SELECTOR = YES;
				GCC_WARN_UNINITIALIZED_AUTOS = YES_AGGRESSIVE;
				GCC_WARN_UNUSED_FUNCTION = YES;
				GCC_WARN_UNUSED_VARIABLE = YES;
				IPHONEOS_DEPLOYMENT_TARGET = 16.0;
				MTL_ENABLE_DEBUG_INFO = NO;
				MTL_FAST_MATH = YES;
				SDKROOT = iphoneos;
				SWIFT_COMPILATION_MODE = wholemodule;
				SWIFT_OPTIMIZATION_LEVEL = "-O";
				VALIDATE_PRODUCT = YES;
			};
			name = Release;
		};
		381F37942909201B00EBEBE0 /* Debug */ = {
			isa = XCBuildConfiguration;
			buildSettings = {
				ASSETCATALOG_COMPILER_GLOBAL_ACCENT_COLOR_NAME = AccentColor;
				ASSETCATALOG_COMPILER_INCLUDE_ALL_APPICON_ASSETS = YES;
				CODE_SIGN_STYLE = Automatic;
				CURRENT_PROJECT_VERSION = 1;
				DEVELOPMENT_ASSET_PATHS = "\"star/Preview Content\"";
				ENABLE_PREVIEWS = YES;
				GENERATE_INFOPLIST_FILE = YES;
				INFOPLIST_KEY_UIApplicationSceneManifest_Generation = YES;
				INFOPLIST_KEY_UIApplicationSupportsIndirectInputEvents = YES;
				INFOPLIST_KEY_UILaunchScreen_Generation = YES;
				INFOPLIST_KEY_UISupportedInterfaceOrientations_iPad = "UIInterfaceOrientationPortrait UIInterfaceOrientationPortraitUpsideDown UIInterfaceOrientationLandscapeLeft UIInterfaceOrientationLandscapeRight";
				INFOPLIST_KEY_UISupportedInterfaceOrientations_iPhone = "UIInterfaceOrientationPortrait UIInterfaceOrientationLandscapeLeft UIInterfaceOrientationLandscapeRight";
				LD_RUNPATH_SEARCH_PATHS = (
					"$(inherited)",
					"@executable_path/Frameworks",
				);
				MARKETING_VERSION = 1.0;
				PRODUCT_BUNDLE_IDENTIFIER = my.star;
				PRODUCT_NAME = "$(TARGET_NAME)";
				SWIFT_EMIT_LOC_STRINGS = YES;
				SWIFT_VERSION = 5.0;
				TARGETED_DEVICE_FAMILY = "1,2";
			};
			name = Debug;
		};
		381F37952909201B00EBEBE0 /* Release */ = {
			isa = XCBuildConfiguration;
			buildSettings = {
				ASSETCATALOG_COMPILER_GLOBAL_ACCENT_COLOR_NAME = AccentColor;
				ASSETCATALOG_COMPILER_INCLUDE_ALL_APPICON_ASSETS = YES;
				CODE_SIGN_STYLE = Automatic;
				CURRENT_PROJECT_VERSION = 1;
				DEVELOPMENT_ASSET_PATHS = "\"star/Preview Content\"";
				ENABLE_PREVIEWS = YES;
				GENERATE_INFOPLIST_FILE = YES;
				INFOPLIST_KEY_UIApplicationSceneManifest_Generation = YES;
				INFOPLIST_KEY_UIApplicationSupportsIndirectInputEvents = YES;
				INFOPLIST_KEY_UILaunchScreen_Generation = YES;
				INFOPLIST_KEY_UISupportedInterfaceOrientations_iPad = "UIInterfaceOrientationPortrait UIInterfaceOrientationPortraitUpsideDown UIInterfaceOrientationLandscapeLeft UIInterfaceOrientationLandscapeRight";
				INFOPLIST_KEY_UISupportedInterfaceOrientations_iPhone = "UIInterfaceOrientationPortrait UIInterfaceOrientationLandscapeLeft UIInterfaceOrientationLandscapeRight";
				LD_RUNPATH_SEARCH_PATHS = (
					"$(inherited)",
					"@executable_path/Frameworks",
				);
				MARKETING_VERSION = 1.0;
				PRODUCT_BUNDLE_IDENTIFIER = my.star;
				PRODUCT_NAME = "$(TARGET_NAME)";
				SWIFT_EMIT_LOC_STRINGS = YES;
				SWIFT_VERSION = 5.0;
				TARGETED_DEVICE_FAMILY = "1,2";
			};
			name = Release;
		};
		381F37972909201B00EBEBE0 /* Debug */ = {
			isa = XCBuildConfiguration;
			buildSettings = {
				ALWAYS_EMBED_SWIFT_STANDARD_LIBRARIES = YES;
				BUNDLE_LOADER = "$(TEST_HOST)";
				CODE_SIGN_STYLE = Automatic;
				CURRENT_PROJECT_VERSION = 1;
				GENERATE_INFOPLIST_FILE = YES;
				IPHONEOS_DEPLOYMENT_TARGET = 16.0;
				MARKETING_VERSION = 1.0;
				PRODUCT_BUNDLE_IDENTIFIER = my.starTests;
				PRODUCT_NAME = "$(TARGET_NAME)";
				SWIFT_EMIT_LOC_STRINGS = NO;
				SWIFT_VERSION = 5.0;
				TARGETED_DEVICE_FAMILY = "1,2";
				TEST_HOST = "$(BUILT_PRODUCTS_DIR)/star.app/$(BUNDLE_EXECUTABLE_FOLDER_PATH)/star";
			};
			name = Debug;
		};
		381F37982909201B00EBEBE0 /* Release */ = {
			isa = XCBuildConfiguration;
			buildSettings = {
				ALWAYS_EMBED_SWIFT_STANDARD_LIBRARIES = YES;
				BUNDLE_LOADER = "$(TEST_HOST)";
				CODE_SIGN_STYLE = Automatic;
				CURRENT_PROJECT_VERSION = 1;
				GENERATE_INFOPLIST_FILE = YES;
				IPHONEOS_DEPLOYMENT_TARGET = 16.0;
				MARKETING_VERSION = 1.0;
				PRODUCT_BUNDLE_IDENTIFIER = my.starTests;
				PRODUCT_NAME = "$(TARGET_NAME)";
				SWIFT_EMIT_LOC_STRINGS = NO;
				SWIFT_VERSION = 5.0;
				TARGETED_DEVICE_FAMILY = "1,2";
				TEST_HOST = "$(BUILT_PRODUCTS_DIR)/star.app/$(BUNDLE_EXECUTABLE_FOLDER_PATH)/star";
			};
			name = Release;
		};
		381F379A2909201B00EBEBE0 /* Debug */ = {
			isa = XCBuildConfiguration;
			buildSettings = {
				ALWAYS_EMBED_SWIFT_STANDARD_LIBRARIES = YES;
				CODE_SIGN_STYLE = Automatic;
				CURRENT_PROJECT_VERSION = 1;
				GENERATE_INFOPLIST_FILE = YES;
				MARKETING_VERSION = 1.0;
				PRODUCT_BUNDLE_IDENTIFIER = my.starUITests;
				PRODUCT_NAME = "$(TARGET_NAME)";
				SWIFT_EMIT_LOC_STRINGS = NO;
				SWIFT_VERSION = 5.0;
				TARGETED_DEVICE_FAMILY = "1,2";
				TEST_TARGET_NAME = star;
			};
			name = Debug;
		};
		381F379B2909201B00EBEBE0 /* Release */ = {
			isa = XCBuildConfiguration;
			buildSettings = {
				ALWAYS_EMBED_SWIFT_STANDARD_LIBRARIES = YES;
				CODE_SIGN_STYLE = Automatic;
				CURRENT_PROJECT_VERSION = 1;
				GENERATE_INFOPLIST_FILE = YES;
				MARKETING_VERSION = 1.0;
				PRODUCT_BUNDLE_IDENTIFIER = my.starUITests;
				PRODUCT_NAME = "$(TARGET_NAME)";
				SWIFT_EMIT_LOC_STRINGS = NO;
				SWIFT_VERSION = 5.0;
				TARGETED_DEVICE_FAMILY = "1,2";
				TEST_TARGET_NAME = star;
			};
			name = Release;
		};
/* End XCBuildConfiguration section */

/* Begin XCConfigurationList section */
		381F376A2909201A00EBEBE0 /* Build configuration list for PBXProject "star" */ = {
			isa = XCConfigurationList;
			buildConfigurations = (
				381F37912909201B00EBEBE0 /* Debug */,
				381F37922909201B00EBEBE0 /* Release */,
			);
			defaultConfigurationIsVisible = 0;
			defaultConfigurationName = Release;
		};
		381F37932909201B00EBEBE0 /* Build configuration list for PBXNativeTarget "star" */ = {
			isa = XCConfigurationList;
			buildConfigurations = (
				381F37942909201B00EBEBE0 /* Debug */,
				381F37952909201B00EBEBE0 /* Release */,
			);
			defaultConfigurationIsVisible = 0;
			defaultConfigurationName = Release;
		};
		381F37962909201B00EBEBE0 /* Build configuration list for PBXNativeTarget "starTests" */ = {
			isa = XCConfigurationList;
			buildConfigurations = (
				381F37972909201B00EBEBE0 /* Debug */,
				381F37982909201B00EBEBE0 /* Release */,
			);
			defaultConfigurationIsVisible = 0;
			defaultConfigurationName = Release;
		};
		381F37992909201B00EBEBE0 /* Build configuration list for PBXNativeTarget "starUITests" */ = {
			isa = XCConfigurationList;
			buildConfigurations = (
				381F379A2909201B00EBEBE0 /* Debug */,
				381F379B2909201B00EBEBE0 /* Release */,
			);
			defaultConfigurationIsVisible = 0;
			defaultConfigurationName = Release;
		};
/* End XCConfigurationList section */
	};
	rootObject = 381F37672909201A00EBEBE0 /* Project object */;
}
